
Microsoft Visual Studio Solution File, Format Version 12.00
# Visual Studio Version 17
VisualStudioVersion = 17.13.35913.81 d17.13
MinimumVisualStudioVersion = 10.0.40219.1
Project("{FAE04EC0-301F-11D3-BF4B-00C04F79EFBC}") = "DotNet6Practical", "DotNet6Practical\DotNet6Practical.csproj", "{2FC74D1C-85EC-4933-AF05-6CCBC41606DF}"
EndProject
Global
	GlobalSection(SolutionConfigurationPlatforms) = preSolution
		Debug|Any CPU = Debug|Any CPU
		Release|Any CPU = Release|Any CPU
	EndGlobalSection
	GlobalSection(ProjectConfigurationPlatforms) = postSolution
		{2FC74D1C-85EC-4933-AF05-6CCBC41606DF}.Debug|Any CPU.ActiveCfg = Debug|Any CPU
		{2FC74D1C-85EC-4933-AF05-6CCBC41606DF}.Debug|Any CPU.Build.0 = Debug|Any CPU
		{2FC74D1C-85EC-4933-AF05-6CCBC41606DF}.Release|Any CPU.ActiveCfg = Release|Any CPU
		{2FC74D1C-85EC-4933-AF05-6CCBC41606DF}.Release|Any CPU.Build.0 = Release|Any CPU
	EndGlobalSection
	GlobalSection(SolutionProperties) = preSolution
		HideSolutionNode = FALSE
	EndGlobalSection
	GlobalSection(ExtensibilityGlobals) = postSolution
		SolutionGuid = {ECFBF478-29B4-4835-9312-ACBFE69E3EEF}
	EndGlobalSection
EndGlobal
